
Microsoft Visual Studio Solution File, Format Version 12.00
# Visual Studio Version 17
VisualStudioVersion = 17.6.33829.357
MinimumVisualStudioVersion = 10.0.40219.1
Project("{9A19103F-16F7-4668-BE54-9A1E7A4F7556}") = "Collections-Question-2", "Collections-Question-2.csproj", "{F4F44F84-7022-4111-868D-6C9CE95BD14D}"
EndProject
Global
	GlobalSection(SolutionConfigurationPlatforms) = preSolution
		Debug|Any CPU = Debug|Any CPU
		Release|Any CPU = Release|Any CPU
	EndGlobalSection
	GlobalSection(ProjectConfigurationPlatforms) = postSolution
		{F4F44F84-7022-4111-868D-6C9CE95BD14D}.Debug|Any CPU.ActiveCfg = Debug|Any CPU
		{F4F44F84-7022-4111-868D-6C9CE95BD14D}.Debug|Any CPU.Build.0 = Debug|Any CPU
		{F4F44F84-7022-4111-868D-6C9CE95BD14D}.Release|Any CPU.ActiveCfg = Release|Any CPU
		{F4F44F84-7022-4111-868D-6C9CE95BD14D}.Release|Any CPU.Build.0 = Release|Any CPU
	EndGlobalSection
	GlobalSection(SolutionProperties) = preSolution
		HideSolutionNode = FALSE
	EndGlobalSection
	GlobalSection(ExtensibilityGlobals) = postSolution
		SolutionGuid = {2FC55F8B-14FE-4C67-AD92-B8C99A217C06}
	EndGlobalSection
EndGlobal
