
Microsoft Visual Studio Solution File, Format Version 12.00
# Visual Studio Version 17
VisualStudioVersion = 17.6.33829.357
MinimumVisualStudioVersion = 10.0.40219.1
Project("{9A19103F-16F7-4668-BE54-9A1E7A4F7556}") = "Collections-Question-1", "Collections-Question-1.csproj", "{6AB65C4B-D56A-4ED4-87F4-45ECE11BFB03}"
EndProject
Global
	GlobalSection(SolutionConfigurationPlatforms) = preSolution
		Debug|Any CPU = Debug|Any CPU
		Release|Any CPU = Release|Any CPU
	EndGlobalSection
	GlobalSection(ProjectConfigurationPlatforms) = postSolution
		{6AB65C4B-D56A-4ED4-87F4-45ECE11BFB03}.Debug|Any CPU.ActiveCfg = Debug|Any CPU
		{6AB65C4B-D56A-4ED4-87F4-45ECE11BFB03}.Debug|Any CPU.Build.0 = Debug|Any CPU
		{6AB65C4B-D56A-4ED4-87F4-45ECE11BFB03}.Release|Any CPU.ActiveCfg = Release|Any CPU
		{6AB65C4B-D56A-4ED4-87F4-45ECE11BFB03}.Release|Any CPU.Build.0 = Release|Any CPU
	EndGlobalSection
	GlobalSection(SolutionProperties) = preSolution
		HideSolutionNode = FALSE
	EndGlobalSection
	GlobalSection(ExtensibilityGlobals) = postSolution
		SolutionGuid = {5E322E58-8E38-48D2-BC06-6FB675C80011}
	EndGlobalSection
EndGlobal
