
Microsoft Visual Studio Solution File, Format Version 12.00
# Visual Studio Version 17
VisualStudioVersion = 17.6.33829.357
MinimumVisualStudioVersion = 10.0.40219.1
Project("{FAE04EC0-301F-11D3-BF4B-00C04F79EFBC}") = "Collections-Question-3", "Collections-Question-3.csproj", "{1D35F9C2-641B-422C-9A44-62954C43894B}"
EndProject
Global
	GlobalSection(SolutionConfigurationPlatforms) = preSolution
		Debug|Any CPU = Debug|Any CPU
		Release|Any CPU = Release|Any CPU
	EndGlobalSection
	GlobalSection(ProjectConfigurationPlatforms) = postSolution
		{1D35F9C2-641B-422C-9A44-62954C43894B}.Debug|Any CPU.ActiveCfg = Debug|Any CPU
		{1D35F9C2-641B-422C-9A44-62954C43894B}.Debug|Any CPU.Build.0 = Debug|Any CPU
		{1D35F9C2-641B-422C-9A44-62954C43894B}.Release|Any CPU.ActiveCfg = Release|Any CPU
		{1D35F9C2-641B-422C-9A44-62954C43894B}.Release|Any CPU.Build.0 = Release|Any CPU
	EndGlobalSection
	GlobalSection(SolutionProperties) = preSolution
		HideSolutionNode = FALSE
	EndGlobalSection
	GlobalSection(ExtensibilityGlobals) = postSolution
		SolutionGuid = {08019BB2-A142-4348-B022-B5A982DA94C8}
	EndGlobalSection
EndGlobal
